
Microsoft Visual Studio Solution File, Format Version 12.00
# Visual Studio 15
VisualStudioVersion = 15.0.26124.0
MinimumVisualStudioVersion = 15.0.26124.0
Project("{FAE04EC0-301F-11D3-BF4B-00C04F79EFBC}") = "Reflect", "Reflect\Reflect.csproj", "{2C8841AD-E610-4C96-881C-A8559F286FFF}"
EndProject
Project("{FAE04EC0-301F-11D3-BF4B-00C04F79EFBC}") = "Reflect.Tests", "Reflect.Tests\Reflect.Tests.csproj", "{53D51788-8BA7-4005-8C12-A03B9E9CDD05}"
EndProject
Global
	GlobalSection(SolutionConfigurationPlatforms) = preSolution
		Debug|Any CPU = Debug|Any CPU
		Debug|x64 = Debug|x64
		Debug|x86 = Debug|x86
		Release|Any CPU = Release|Any CPU
		Release|x64 = Release|x64
		Release|x86 = Release|x86
	EndGlobalSection
	GlobalSection(SolutionProperties) = preSolution
		HideSolutionNode = FALSE
	EndGlobalSection
	GlobalSection(ProjectConfigurationPlatforms) = postSolution
		{2C8841AD-E610-4C96-881C-A8559F286FFF}.Debug|Any CPU.ActiveCfg = Debug|Any CPU
		{2C8841AD-E610-4C96-881C-A8559F286FFF}.Debug|Any CPU.Build.0 = Debug|Any CPU
		{2C8841AD-E610-4C96-881C-A8559F286FFF}.Debug|x64.ActiveCfg = Debug|x64
		{2C8841AD-E610-4C96-881C-A8559F286FFF}.Debug|x64.Build.0 = Debug|x64
		{2C8841AD-E610-4C96-881C-A8559F286FFF}.Debug|x86.ActiveCfg = Debug|x86
		{2C8841AD-E610-4C96-881C-A8559F286FFF}.Debug|x86.Build.0 = Debug|x86
		{2C8841AD-E610-4C96-881C-A8559F286FFF}.Release|Any CPU.ActiveCfg = Release|Any CPU
		{2C8841AD-E610-4C96-881C-A8559F286FFF}.Release|Any CPU.Build.0 = Release|Any CPU
		{2C8841AD-E610-4C96-881C-A8559F286FFF}.Release|x64.ActiveCfg = Release|x64
		{2C8841AD-E610-4C96-881C-A8559F286FFF}.Release|x64.Build.0 = Release|x64
		{2C8841AD-E610-4C96-881C-A8559F286FFF}.Release|x86.ActiveCfg = Release|x86
		{2C8841AD-E610-4C96-881C-A8559F286FFF}.Release|x86.Build.0 = Release|x86
		{53D51788-8BA7-4005-8C12-A03B9E9CDD05}.Debug|Any CPU.ActiveCfg = Debug|Any CPU
		{53D51788-8BA7-4005-8C12-A03B9E9CDD05}.Debug|Any CPU.Build.0 = Debug|Any CPU
		{53D51788-8BA7-4005-8C12-A03B9E9CDD05}.Debug|x64.ActiveCfg = Debug|x64
		{53D51788-8BA7-4005-8C12-A03B9E9CDD05}.Debug|x64.Build.0 = Debug|x64
		{53D51788-8BA7-4005-8C12-A03B9E9CDD05}.Debug|x86.ActiveCfg = Debug|x86
		{53D51788-8BA7-4005-8C12-A03B9E9CDD05}.Debug|x86.Build.0 = Debug|x86
		{53D51788-8BA7-4005-8C12-A03B9E9CDD05}.Release|Any CPU.ActiveCfg = Release|Any CPU
		{53D51788-8BA7-4005-8C12-A03B9E9CDD05}.Release|Any CPU.Build.0 = Release|Any CPU
		{53D51788-8BA7-4005-8C12-A03B9E9CDD05}.Release|x64.ActiveCfg = Release|x64
		{53D51788-8BA7-4005-8C12-A03B9E9CDD05}.Release|x64.Build.0 = Release|x64
		{53D51788-8BA7-4005-8C12-A03B9E9CDD05}.Release|x86.ActiveCfg = Release|x86
		{53D51788-8BA7-4005-8C12-A03B9E9CDD05}.Release|x86.Build.0 = Release|x86
	EndGlobalSection
EndGlobal
